// !$*UTF8*$!
{
	archiveVersion = 1;
	classes = {
	};
	objectVersion = 46;
	objects = {

/* Begin PBXBuildFile section */
		AF6B1BA21C183A2400D5C8AA /* AppDelegate.swift in Sources */ = {isa = PBXBuildFile; fileRef = AF6B1BA11C183A2400D5C8AA /* AppDelegate.swift */; };
		AF6B1BA41C183A2400D5C8AA /* ViewController.swift in Sources */ = {isa = PBXBuildFile; fileRef = AF6B1BA31C183A2400D5C8AA /* ViewController.swift */; };
		AF6B1BA71C183A2400D5C8AA /* Main.storyboard in Resources */ = {isa = PBXBuildFile; fileRef = AF6B1BA51C183A2400D5C8AA /* Main.storyboard */; };
		AF6B1BA91C183A2400D5C8AA /* Assets.xcassets in Resources */ = {isa = PBXBuildFile; fileRef = AF6B1BA81C183A2400D5C8AA /* Assets.xcassets */; };
		AF6B1BAC1C183A2400D5C8AA /* LaunchScreen.storyboard in Resources */ = {isa = PBXBuildFile; fileRef = AF6B1BAA1C183A2400D5C8AA /* LaunchScreen.storyboard */; };
		AF6B1BB71C183A2400D5C8AA /* DiceTests.swift in Sources */ = {isa = PBXBuildFile; fileRef = AF6B1BB61C183A2400D5C8AA /* DiceTests.swift */; };
		AF6B1BC21C183A2400D5C8AA /* DiceUITests.swift in Sources */ = {isa = PBXBuildFile; fileRef = AF6B1BC11C183A2400D5C8AA /* DiceUITests.swift */; };
/* End PBXBuildFile section */

/* Begin PBXContainerItemProxy section */
		AF6B1BB31C183A2400D5C8AA /* PBXContainerItemProxy */ = {
			isa = PBXContainerItemProxy;
			containerPortal = AF6B1B961C183A2400D5C8AA /* Project object */;
			proxyType = 1;
			remoteGlobalIDString = AF6B1B9D1C183A2400D5C8AA;
			remoteInfo = Dice;
		};
		AF6B1BBE1C183A2400D5C8AA /* PBXContainerItemProxy */ = {
			isa = PBXContainerItemProxy;
			containerPortal = AF6B1B961C183A2400D5C8AA /* Project object */;
			proxyType = 1;
			remoteGlobalIDString = AF6B1B9D1C183A2400D5C8AA;
			remoteInfo = Dice;
		};
/* End PBXContainerItemProxy section */

/* Begin PBXFileReference section */
		AF6B1B9E1C183A2400D5C8AA /* Dice.app */ = {isa = PBXFileReference; explicitFileType = wrapper.application; includeInIndex = 0; path = Dice.app; sourceTree = BUILT_PRODUCTS_DIR; };
		AF6B1BA11C183A2400D5C8AA /* AppDelegate.swift */ = {isa = PBXFileReference; lastKnownFileType = sourcecode.swift; path = AppDelegate.swift; sourceTree = "<group>"; };
		AF6B1BA31C183A2400D5C8AA /* ViewController.swift */ = {isa = PBXFileReference; lastKnownFileType = sourcecode.swift; path = ViewController.swift; sourceTree = "<group>"; };
		AF6B1BA61C183A2400D5C8AA /* Base */ = {isa = PBXFileReference; lastKnownFileType = file.storyboard; name = Base; path = Base.lproj/Main.storyboard; sourceTree = "<group>"; };
		AF6B1BA81C183A2400D5C8AA /* Assets.xcassets */ = {isa = PBXFileReference; lastKnownFileType = folder.assetcatalog; path = Assets.xcassets; sourceTree = "<group>"; };
		AF6B1BAB1C183A2400D5C8AA /* Base */ = {isa = PBXFileReference; lastKnownFileType = file.storyboard; name = Base; path = Base.lproj/LaunchScreen.storyboard; sourceTree = "<group>"; };
		AF6B1BAD1C183A2400D5C8AA /* Info.plist */ = {isa = PBXFileReference; lastKnownFileType = text.plist.xml; path = Info.plist; sourceTree = "<group>"; };
		AF6B1BB21C183A2400D5C8AA /* DiceTests.xctest */ = {isa = PBXFileReference; explicitFileType = wrapper.cfbundle; includeInIndex = 0; path = DiceTests.xctest; sourceTree = BUILT_PRODUCTS_DIR; };
		AF6B1BB61C183A2400D5C8AA /* DiceTests.swift */ = {isa = PBXFileReference; lastKnownFileType = sourcecode.swift; path = DiceTests.swift; sourceTree = "<group>"; };
		AF6B1BB81C183A2400D5C8AA /* Info.plist */ = {isa = PBXFileReference; lastKnownFileType = text.plist.xml; path = Info.plist; sourceTree = "<group>"; };
		AF6B1BBD1C183A2400D5C8AA /* DiceUITests.xctest */ = {isa = PBXFileReference; explicitFileType = wrapper.cfbundle; includeInIndex = 0; path = DiceUITests.xctest; sourceTree = BUILT_PRODUCTS_DIR; };
		AF6B1BC11C183A2400D5C8AA /* DiceUITests.swift */ = {isa = PBXFileReference; lastKnownFileType = sourcecode.swift; path = DiceUITests.swift; sourceTree = "<group>"; };
		AF6B1BC31C183A2400D5C8AA /* Info.plist */ = {isa = PBXFileReference; lastKnownFileType = text.plist.xml; path = Info.plist; sourceTree = "<group>"; };
/* End PBXFileReference section */

/* Begin PBXFrameworksBuildPhase section */
		AF6B1B9B1C183A2400D5C8AA /* Frameworks */ = {
			isa = PBXFrameworksBuildPhase;
			buildActionMask = 2147483647;
			files = (
			);
			runOnlyForDeploymentPostprocessing = 0;
		};
		AF6B1BAF1C183A2400D5C8AA /* Frameworks */ = {
			isa = PBXFrameworksBuildPhase;
			buildActionMask = 2147483647;
			files = (
			);
			runOnlyForDeploymentPostprocessing = 0;
		};
		AF6B1BBA1C183A2400D5C8AA /* Frameworks */ = {
			isa = PBXFrameworksBuildPhase;
			buildActionMask = 2147483647;
			files = (
			);
			runOnlyForDeploymentPostprocessing = 0;
		};
/* End PBXFrameworksBuildPhase section */

/* Begin PBXGroup section */
		AF6B1B951C183A2400D5C8AA = {
			isa = PBXGroup;
			children = (
				AF6B1BA01C183A2400D5C8AA /* Dice */,
				AF6B1BB51C183A2400D5C8AA /* DiceTests */,
				AF6B1BC01C183A2400D5C8AA /* DiceUITests */,
				AF6B1B9F1C183A2400D5C8AA /* Products */,
			);
			sourceTree = "<group>";
		};
		AF6B1B9F1C183A2400D5C8AA /* Products */ = {
			isa = PBXGroup;
			children = (
				AF6B1B9E1C183A2400D5C8AA /* Dice.app */,
				AF6B1BB21C183A2400D5C8AA /* DiceTests.xctest */,
				AF6B1BBD1C183A2400D5C8AA /* DiceUITests.xctest */,
			);
			name = Products;
			sourceTree = "<group>";
		};
		AF6B1BA01C183A2400D5C8AA /* Dice */ = {
			isa = PBXGroup;
			children = (
				AF6B1BA11C183A2400D5C8AA /* AppDelegate.swift */,
				AF6B1BA31C183A2400D5C8AA /* ViewController.swift */,
				AF6B1BA51C183A2400D5C8AA /* Main.storyboard */,
				AF6B1BA81C183A2400D5C8AA /* Assets.xcassets */,
				AF6B1BAA1C183A2400D5C8AA /* LaunchScreen.storyboard */,
				AF6B1BAD1C183A2400D5C8AA /* Info.plist */,
			);
			path = Dice;
			sourceTree = "<group>";
		};
		AF6B1BB51C183A2400D5C8AA /* DiceTests */ = {
			isa = PBXGroup;
			children = (
				AF6B1BB61C183A2400D5C8AA /* DiceTests.swift */,
				AF6B1BB81C183A2400D5C8AA /* Info.plist */,
			);
			path = DiceTests;
			sourceTree = "<group>";
		};
		AF6B1BC01C183A2400D5C8AA /* DiceUITests */ = {
			isa = PBXGroup;
			children = (
				AF6B1BC11C183A2400D5C8AA /* DiceUITests.swift */,
				AF6B1BC31C183A2400D5C8AA /* Info.plist */,
			);
			path = DiceUITests;
			sourceTree = "<group>";
		};
/* End PBXGroup section */

/* Begin PBXNativeTarget section */
		AF6B1B9D1C183A2400D5C8AA /* Dice */ = {
			isa = PBXNativeTarget;
			buildConfigurationList = AF6B1BC61C183A2400D5C8AA /* Build configuration list for PBXNativeTarget "Dice" */;
			buildPhases = (
				AF6B1B9A1C183A2400D5C8AA /* Sources */,
				AF6B1B9B1C183A2400D5C8AA /* Frameworks */,
				AF6B1B9C1C183A2400D5C8AA /* Resources */,
			);
			buildRules = (
			);
			dependencies = (
			);
			name = Dice;
			productName = Dice;
			productReference = AF6B1B9E1C183A2400D5C8AA /* Dice.app */;
			productType = "com.apple.product-type.application";
		};
		AF6B1BB11C183A2400D5C8AA /* DiceTests */ = {
			isa = PBXNativeTarget;
			buildConfigurationList = AF6B1BC91C183A2400D5C8AA /* Build configuration list for PBXNativeTarget "DiceTests" */;
			buildPhases = (
				AF6B1BAE1C183A2400D5C8AA /* Sources */,
				AF6B1BAF1C183A2400D5C8AA /* Frameworks */,
				AF6B1BB01C183A2400D5C8AA /* Resources */,
			);
			buildRules = (
			);
			dependencies = (
				AF6B1BB41C183A2400D5C8AA /* PBXTargetDependency */,
			);
			name = DiceTests;
			productName = DiceTests;
			productReference = AF6B1BB21C183A2400D5C8AA /* DiceTests.xctest */;
			productType = "com.apple.product-type.bundle.unit-test";
		};
		AF6B1BBC1C183A2400D5C8AA /* DiceUITests */ = {
			isa = PBXNativeTarget;
			buildConfigurationList = AF6B1BCC1C183A2400D5C8AA /* Build configuration list for PBXNativeTarget "DiceUITests" */;
			buildPhases = (
				AF6B1BB91C183A2400D5C8AA /* Sources */,
				AF6B1BBA1C183A2400D5C8AA /* Frameworks */,
				AF6B1BBB1C183A2400D5C8AA /* Resources */,
			);
			buildRules = (
			);
			dependencies = (
				AF6B1BBF1C183A2400D5C8AA /* PBXTargetDependency */,
			);
			name = DiceUITests;
			productName = DiceUITests;
			productReference = AF6B1BBD1C183A2400D5C8AA /* DiceUITests.xctest */;
			productType = "com.apple.product-type.bundle.ui-testing";
		};
/* End PBXNativeTarget section */

/* Begin PBXProject section */
		AF6B1B961C183A2400D5C8AA /* Project object */ = {
			isa = PBXProject;
			attributes = {
				LastSwiftUpdateCheck = 0710;
				LastUpgradeCheck = 0710;
				ORGANIZATIONNAME = "Abdelrahman Mohamed";
				TargetAttributes = {
					AF6B1B9D1C183A2400D5C8AA = {
						CreatedOnToolsVersion = 7.1.1;
						DevelopmentTeam = 6KNM32Y4FM;
					};
					AF6B1BB11C183A2400D5C8AA = {
						CreatedOnToolsVersion = 7.1.1;
						DevelopmentTeam = 6KNM32Y4FM;
						TestTargetID = AF6B1B9D1C183A2400D5C8AA;
					};
					AF6B1BBC1C183A2400D5C8AA = {
						CreatedOnToolsVersion = 7.1.1;
						DevelopmentTeam = 6KNM32Y4FM;
						TestTargetID = AF6B1B9D1C183A2400D5C8AA;
					};
				};
			};
			buildConfigurationList = AF6B1B991C183A2400D5C8AA /* Build configuration list for PBXProject "Dice" */;
			compatibilityVersion = "Xcode 3.2";
			developmentRegion = English;
			hasScannedForEncodings = 0;
			knownRegions = (
				en,
				Base,
			);
			mainGroup = AF6B1B951C183A2400D5C8AA;
			productRefGroup = AF6B1B9F1C183A2400D5C8AA /* Products */;
			projectDirPath = "";
			projectRoot = "";
			targets = (
				AF6B1B9D1C183A2400D5C8AA /* Dice */,
				AF6B1BB11C183A2400D5C8AA /* DiceTests */,
				AF6B1BBC1C183A2400D5C8AA /* DiceUITests */,
			);
		};
/* End PBXProject section */

/* Begin PBXResourcesBuildPhase section */
		AF6B1B9C1C183A2400D5C8AA /* Resources */ = {
			isa = PBXResourcesBuildPhase;
			buildActionMask = 2147483647;
			files = (
				AF6B1BAC1C183A2400D5C8AA /* LaunchScreen.storyboard in Resources */,
				AF6B1BA91C183A2400D5C8AA /* Assets.xcassets in Resources */,
				AF6B1BA71C183A2400D5C8AA /* Main.storyboard in Resources */,
			);
			runOnlyForDeploymentPostprocessing = 0;
		};
		AF6B1BB01C183A2400D5C8AA /* Resources */ = {
			isa = PBXResourcesBuildPhase;
			buildActionMask = 2147483647;
			files = (
			);
			runOnlyForDeploymentPostprocessing = 0;
		};
		AF6B1BBB1C183A2400D5C8AA /* Resources */ = {
			isa = PBXResourcesBuildPhase;
			buildActionMask = 2147483647;
			files = (
			);
			runOnlyForDeploymentPostprocessing = 0;
		};
/* End PBXResourcesBuildPhase section */

/* Begin PBXSourcesBuildPhase section */
		AF6B1B9A1C183A2400D5C8AA /* Sources */ = {
			isa = PBXSourcesBuildPhase;
			buildActionMask = 2147483647;
			files = (
				AF6B1BA41C183A2400D5C8AA /* ViewController.swift in Sources */,
				AF6B1BA21C183A2400D5C8AA /* AppDelegate.swift in Sources */,
			);
			runOnlyForDeploymentPostprocessing = 0;
		};
		AF6B1BAE1C183A2400D5C8AA /* Sources */ = {
			isa = PBXSourcesBuildPhase;
			buildActionMask = 2147483647;
			files = (
				AF6B1BB71C183A2400D5C8AA /* DiceTests.swift in Sources */,
			);
			runOnlyForDeploymentPostprocessing = 0;
		};
		AF6B1BB91C183A2400D5C8AA /* Sources */ = {
			isa = PBXSourcesBuildPhase;
			buildActionMask = 2147483647;
			files = (
				AF6B1BC21C183A2400D5C8AA /* DiceUITests.swift in Sources */,
			);
			runOnlyForDeploymentPostprocessing = 0;
		};
/* End PBXSourcesBuildPhase section */

/* Begin PBXTargetDependency section */
		AF6B1BB41C183A2400D5C8AA /* PBXTargetDependency */ = {
			isa = PBXTargetDependency;
			target = AF6B1B9D1C183A2400D5C8AA /* Dice */;
			targetProxy = AF6B1BB31C183A2400D5C8AA /* PBXContainerItemProxy */;
		};
		AF6B1BBF1C183A2400D5C8AA /* PBXTargetDependency */ = {
			isa = PBXTargetDependency;
			target = AF6B1B9D1C183A2400D5C8AA /* Dice */;
			targetProxy = AF6B1BBE1C183A2400D5C8AA /* PBXContainerItemProxy */;
		};
/* End PBXTargetDependency section */

/* Begin PBXVariantGroup section */
		AF6B1BA51C183A2400D5C8AA /* Main.storyboard */ = {
			isa = PBXVariantGroup;
			children = (
				AF6B1BA61C183A2400D5C8AA /* Base */,
			);
			name = Main.storyboard;
			sourceTree = "<group>";
		};
		AF6B1BAA1C183A2400D5C8AA /* LaunchScreen.storyboard */ = {
			isa = PBXVariantGroup;
			children = (
				AF6B1BAB1C183A2400D5C8AA /* Base */,
			);
			name = LaunchScreen.storyboard;
			sourceTree = "<group>";
		};
/* End PBXVariantGroup section */

/* Begin XCBuildConfiguration section */
		AF6B1BC41C183A2400D5C8AA /* Debug */ = {
			isa = XCBuildConfiguration;
			buildSettings = {
				ALWAYS_SEARCH_USER_PATHS = NO;
				CLANG_CXX_LANGUAGE_STANDARD = "gnu++0x";
				CLANG_CXX_LIBRARY = "libc++";
				CLANG_ENABLE_MODULES = YES;
				CLANG_ENABLE_OBJC_ARC = YES;
				CLANG_WARN_BOOL_CONVERSION = YES;
				CLANG_WARN_CONSTANT_CONVERSION = YES;
				CLANG_WARN_DIRECT_OBJC_ISA_USAGE = YES_ERROR;
				CLANG_WARN_EMPTY_BODY = YES;
				CLANG_WARN_ENUM_CONVERSION = YES;
				CLANG_WARN_INT_CONVERSION = YES;
				CLANG_WARN_OBJC_ROOT_CLASS = YES_ERROR;
				CLANG_WARN_UNREACHABLE_CODE = YES;
				CLANG_WARN__DUPLICATE_METHOD_MATCH = YES;
				"CODE_SIGN_IDENTITY[sdk=iphoneos*]" = "iPhone Developer";
				COPY_PHASE_STRIP = NO;
				DEBUG_INFORMATION_FORMAT = dwarf;
				ENABLE_STRICT_OBJC_MSGSEND = YES;
				ENABLE_TESTABILITY = YES;
				GCC_C_LANGUAGE_STANDARD = gnu99;
				GCC_DYNAMIC_NO_PIC = NO;
				GCC_NO_COMMON_BLOCKS = YES;
				GCC_OPTIMIZATION_LEVEL = 0;
				GCC_PREPROCESSOR_DEFINITIONS = (
					"DEBUG=1",
					"$(inherited)",
				);
				GCC_WARN_64_TO_32_BIT_CONVERSION = YES;
				GCC_WARN_ABOUT_RETURN_TYPE = YES_ERROR;
				GCC_WARN_UNDECLARED_SELECTOR = YES;
				GCC_WARN_UNINITIALIZED_AUTOS = YES_AGGRESSIVE;
				GCC_WARN_UNUSED_FUNCTION = YES;
				GCC_WARN_UNUSED_VARIABLE = YES;
				IPHONEOS_DEPLOYMENT_TARGET = 9.1;
				MTL_ENABLE_DEBUG_INFO = YES;
				ONLY_ACTIVE_ARCH = YES;
				SDKROOT = iphoneos;
				SWIFT_OPTIMIZATION_LEVEL = "-Onone";
				TARGETED_DEVICE_FAMILY = "1,2";
			};
			name = Debug;
		};
		AF6B1BC51C183A2400D5C8AA /* Release */ = {
			isa = XCBuildConfiguration;
			buildSettings = {
				ALWAYS_SEARCH_USER_PATHS = NO;
				CLANG_CXX_LANGUAGE_STANDARD = "gnu++0x";
				CLANG_CXX_LIBRARY = "libc++";
				CLANG_ENABLE_MODULES = YES;
				CLANG_ENABLE_OBJC_ARC = YES;
				CLANG_WARN_BOOL_CONVERSION = YES;
				CLANG_WARN_CONSTANT_CONVERSION = YES;
				CLANG_WARN_DIRECT_OBJC_ISA_USAGE = YES_ERROR;
				CLANG_WARN_EMPTY_BODY = YES;
				CLANG_WARN_ENUM_CONVERSION = YES;
				CLANG_WARN_INT_CONVERSION = YES;
				CLANG_WARN_OBJC_ROOT_CLASS = YES_ERROR;
				CLANG_WARN_UNREACHABLE_CODE = YES;
				CLANG_WARN__DUPLICATE_METHOD_MATCH = YES;
				"CODE_SIGN_IDENTITY[sdk=iphoneos*]" = "iPhone Developer";
				COPY_PHASE_STRIP = NO;
				DEBUG_INFORMATION_FORMAT = "dwarf-with-dsym";
				ENABLE_NS_ASSERTIONS = NO;
				ENABLE_STRICT_OBJC_MSGSEND = YES;
				GCC_C_LANGUAGE_STANDARD = gnu99;
				GCC_NO_COMMON_BLOCKS = YES;
				GCC_WARN_64_TO_32_BIT_CONVERSION = YES;
				GCC_WARN_ABOUT_RETURN_TYPE = YES_ERROR;
				GCC_WARN_UNDECLARED_SELECTOR = YES;
				GCC_WARN_UNINITIALIZED_AUTOS = YES_AGGRESSIVE;
				GCC_WARN_UNUSED_FUNCTION = YES;
				GCC_WARN_UNUSED_VARIABLE = YES;
				IPHONEOS_DEPLOYMENT_TARGET = 9.1;
				MTL_ENABLE_DEBUG_INFO = NO;
				SDKROOT = iphoneos;
				TARGETED_DEVICE_FAMILY = "1,2";
				VALIDATE_PRODUCT = YES;
			};
			name = Release;
		};
		AF6B1BC71C183A2400D5C8AA /* Debug */ = {
			isa = XCBuildConfiguration;
			buildSettings = {
				ASSETCATALOG_COMPILER_APPICON_NAME = AppIcon;
				INFOPLIST_FILE = Dice/Info.plist;
				LD_RUNPATH_SEARCH_PATHS = "$(inherited) @executable_path/Frameworks";
				PRODUCT_BUNDLE_IDENTIFIER = au.com.molutions.Dice;
				PRODUCT_NAME = "$(TARGET_NAME)";
			};
			name = Debug;
		};
		AF6B1BC81C183A2400D5C8AA /* Release */ = {
			isa = XCBuildConfiguration;
			buildSettings = {
				ASSETCATALOG_COMPILER_APPICON_NAME = AppIcon;
				INFOPLIST_FILE = Dice/Info.plist;
				LD_RUNPATH_SEARCH_PATHS = "$(inherited) @executable_path/Frameworks";
				PRODUCT_BUNDLE_IDENTIFIER = au.com.molutions.Dice;
				PRODUCT_NAME = "$(TARGET_NAME)";
			};
			name = Release;
		};
		AF6B1BCA1C183A2400D5C8AA /* Debug */ = {
			isa = XCBuildConfiguration;
			buildSettings = {
				BUNDLE_LOADER = "$(TEST_HOST)";
				INFOPLIST_FILE = DiceTests/Info.plist;
				LD_RUNPATH_SEARCH_PATHS = "$(inherited) @executable_path/Frameworks @loader_path/Frameworks";
				PRODUCT_BUNDLE_IDENTIFIER = au.com.molutions.DiceTests;
				PRODUCT_NAME = "$(TARGET_NAME)";
				TEST_HOST = "$(BUILT_PRODUCTS_DIR)/Dice.app/Dice";
			};
			name = Debug;
		};
		AF6B1BCB1C183A2400D5C8AA /* Release */ = {
			isa = XCBuildConfiguration;
			buildSettings = {
				BUNDLE_LOADER = "$(TEST_HOST)";
				INFOPLIST_FILE = DiceTests/Info.plist;
				LD_RUNPATH_SEARCH_PATHS = "$(inherited) @executable_path/Frameworks @loader_path/Frameworks";
				PRODUCT_BUNDLE_IDENTIFIER = au.com.molutions.DiceTests;
				PRODUCT_NAME = "$(TARGET_NAME)";
				TEST_HOST = "$(BUILT_PRODUCTS_DIR)/Dice.app/Dice";
			};
			name = Release;
		};
		AF6B1BCD1C183A2400D5C8AA /* Debug */ = {
			isa = XCBuildConfiguration;
			buildSettings = {
				INFOPLIST_FILE = DiceUITests/Info.plist;
				LD_RUNPATH_SEARCH_PATHS = "$(inherited) @executable_path/Frameworks @loader_path/Frameworks";
				PRODUCT_BUNDLE_IDENTIFIER = au.com.molutions.DiceUITests;
				PRODUCT_NAME = "$(TARGET_NAME)";
				TEST_TARGET_NAME = Dice;
				USES_XCTRUNNER = YES;
			};
			name = Debug;
		};
		AF6B1BCE1C183A2400D5C8AA /* Release */ = {
			isa = XCBuildConfiguration;
			buildSettings = {
				INFOPLIST_FILE = DiceUITests/Info.plist;
				LD_RUNPATH_SEARCH_PATHS = "$(inherited) @executable_path/Frameworks @loader_path/Frameworks";
				PRODUCT_BUNDLE_IDENTIFIER = au.com.molutions.DiceUITests;
				PRODUCT_NAME = "$(TARGET_NAME)";
				TEST_TARGET_NAME = Dice;
				USES_XCTRUNNER = YES;
			};
			name = Release;
		};
/* End XCBuildConfiguration section */

/* Begin XCConfigurationList section */
		AF6B1B991C183A2400D5C8AA /* Build configuration list for PBXProject "Dice" */ = {
			isa = XCConfigurationList;
			buildConfigurations = (
				AF6B1BC41C183A2400D5C8AA /* Debug */,
				AF6B1BC51C183A2400D5C8AA /* Release */,
			);
			defaultConfigurationIsVisible = 0;
			defaultConfigurationName = Release;
		};
		AF6B1BC61C183A2400D5C8AA /* Build configuration list for PBXNativeTarget "Dice" */ = {
			isa = XCConfigurationList;
			buildConfigurations = (
				AF6B1BC71C183A2400D5C8AA /* Debug */,
				AF6B1BC81C183A2400D5C8AA /* Release */,
			);
			defaultConfigurationIsVisible = 0;
		};
		AF6B1BC91C183A2400D5C8AA /* Build configuration list for PBXNativeTarget "DiceTests" */ = {
			isa = XCConfigurationList;
			buildConfigurations = (
				AF6B1BCA1C183A2400D5C8AA /* Debug */,
				AF6B1BCB1C183A2400D5C8AA /* Release */,
			);
			defaultConfigurationIsVisible = 0;
		};
		AF6B1BCC1C183A2400D5C8AA /* Build configuration list for PBXNativeTarget "DiceUITests" */ = {
			isa = XCConfigurationList;
			buildConfigurations = (
				AF6B1BCD1C183A2400D5C8AA /* Debug */,
				AF6B1BCE1C183A2400D5C8AA /* Release */,
			);
			defaultConfigurationIsVisible = 0;
		};
/* End XCConfigurationList section */
	};
	rootObject = AF6B1B961C183A2400D5C8AA /* Project object */;
}
